
Microsoft Visual Studio Solution File, Format Version 12.00
# Visual Studio Version 17
VisualStudioVersion = 17.9.34607.119
MinimumVisualStudioVersion = 10.0.40219.1
Project("{FAE04EC0-301F-11D3-BF4B-00C04F79EFBC}") = "Viselitsa", "Viselitsa\Viselitsa.csproj", "{318D90B6-C0CE-4D84-91BC-BE0ADBECBD09}"
EndProject
Global
	GlobalSection(SolutionConfigurationPlatforms) = preSolution
		Debug|Any CPU = Debug|Any CPU
		Release|Any CPU = Release|Any CPU
	EndGlobalSection
	GlobalSection(ProjectConfigurationPlatforms) = postSolution
		{318D90B6-C0CE-4D84-91BC-BE0ADBECBD09}.Debug|Any CPU.ActiveCfg = Debug|Any CPU
		{318D90B6-C0CE-4D84-91BC-BE0ADBECBD09}.Debug|Any CPU.Build.0 = Debug|Any CPU
		{318D90B6-C0CE-4D84-91BC-BE0ADBECBD09}.Release|Any CPU.ActiveCfg = Release|Any CPU
		{318D90B6-C0CE-4D84-91BC-BE0ADBECBD09}.Release|Any CPU.Build.0 = Release|Any CPU
	EndGlobalSection
	GlobalSection(SolutionProperties) = preSolution
		HideSolutionNode = FALSE
	EndGlobalSection
	GlobalSection(ExtensibilityGlobals) = postSolution
		SolutionGuid = {C7DDCA65-CFC5-4FB3-9707-3FB7613A7A2C}
	EndGlobalSection
EndGlobal
